
Microsoft Visual Studio Solution File, Format Version 12.00
# Visual Studio Version 17
VisualStudioVersion = 17.4.33122.133
MinimumVisualStudioVersion = 10.0.40219.1
Project("{9A19103F-16F7-4668-BE54-9A1E7A4F7556}") = "WinFormsApp", "WinFormsApp.csproj", "{5C4578BF-D27D-4D5C-BECF-CE4BCFDE1EE6}"
EndProject
Project("{9A19103F-16F7-4668-BE54-9A1E7A4F7556}") = "WinFormsControlLibrary", "..\WinFormsControlLibrary\WinFormsControlLibrary.csproj", "{FE39609F-2DCE-4B27-9C88-84A08DF28B31}"
EndProject
Project("{9A19103F-16F7-4668-BE54-9A1E7A4F7556}") = "StudentContracts", "..\StudentContracts\StudentContracts.csproj", "{C3B354A9-F2A1-4659-B893-9EFDC7B2E729}"
EndProject
Project("{FAE04EC0-301F-11D3-BF4B-00C04F79EFBC}") = "BusinessLogics", "..\BusinessLogics\BusinessLogics.csproj", "{F90D87F5-49DF-4236-A779-5D23C5734EC0}"
EndProject
Project("{FAE04EC0-301F-11D3-BF4B-00C04F79EFBC}") = "DataBaseImplements", "..\DataBaseImplements\DataBaseImplements.csproj", "{0B88CACF-8450-4758-88F4-58B0CD5A6147}"
EndProject
Global
	GlobalSection(SolutionConfigurationPlatforms) = preSolution
		Debug|Any CPU = Debug|Any CPU
		Release|Any CPU = Release|Any CPU
	EndGlobalSection
	GlobalSection(ProjectConfigurationPlatforms) = postSolution
		{5C4578BF-D27D-4D5C-BECF-CE4BCFDE1EE6}.Debug|Any CPU.ActiveCfg = Debug|Any CPU
		{5C4578BF-D27D-4D5C-BECF-CE4BCFDE1EE6}.Debug|Any CPU.Build.0 = Debug|Any CPU
		{5C4578BF-D27D-4D5C-BECF-CE4BCFDE1EE6}.Release|Any CPU.ActiveCfg = Release|Any CPU
		{5C4578BF-D27D-4D5C-BECF-CE4BCFDE1EE6}.Release|Any CPU.Build.0 = Release|Any CPU
		{FE39609F-2DCE-4B27-9C88-84A08DF28B31}.Debug|Any CPU.ActiveCfg = Debug|Any CPU
		{FE39609F-2DCE-4B27-9C88-84A08DF28B31}.Debug|Any CPU.Build.0 = Debug|Any CPU
		{FE39609F-2DCE-4B27-9C88-84A08DF28B31}.Release|Any CPU.ActiveCfg = Release|Any CPU
		{FE39609F-2DCE-4B27-9C88-84A08DF28B31}.Release|Any CPU.Build.0 = Release|Any CPU
		{C3B354A9-F2A1-4659-B893-9EFDC7B2E729}.Debug|Any CPU.ActiveCfg = Debug|Any CPU
		{C3B354A9-F2A1-4659-B893-9EFDC7B2E729}.Debug|Any CPU.Build.0 = Debug|Any CPU
		{C3B354A9-F2A1-4659-B893-9EFDC7B2E729}.Release|Any CPU.ActiveCfg = Release|Any CPU
		{C3B354A9-F2A1-4659-B893-9EFDC7B2E729}.Release|Any CPU.Build.0 = Release|Any CPU
		{F90D87F5-49DF-4236-A779-5D23C5734EC0}.Debug|Any CPU.ActiveCfg = Debug|Any CPU
		{F90D87F5-49DF-4236-A779-5D23C5734EC0}.Debug|Any CPU.Build.0 = Debug|Any CPU
		{F90D87F5-49DF-4236-A779-5D23C5734EC0}.Release|Any CPU.ActiveCfg = Release|Any CPU
		{F90D87F5-49DF-4236-A779-5D23C5734EC0}.Release|Any CPU.Build.0 = Release|Any CPU
		{0B88CACF-8450-4758-88F4-58B0CD5A6147}.Debug|Any CPU.ActiveCfg = Debug|Any CPU
		{0B88CACF-8450-4758-88F4-58B0CD5A6147}.Debug|Any CPU.Build.0 = Debug|Any CPU
		{0B88CACF-8450-4758-88F4-58B0CD5A6147}.Release|Any CPU.ActiveCfg = Release|Any CPU
		{0B88CACF-8450-4758-88F4-58B0CD5A6147}.Release|Any CPU.Build.0 = Release|Any CPU
	EndGlobalSection
	GlobalSection(SolutionProperties) = preSolution
		HideSolutionNode = FALSE
	EndGlobalSection
	GlobalSection(ExtensibilityGlobals) = postSolution
		SolutionGuid = {E7352735-B181-4AAF-ACC3-AF80BFF9E6CD}
	EndGlobalSection
EndGlobal
